
Microsoft Visual Studio Solution File, Format Version 12.00
# Visual Studio 14
VisualStudioVersion = 14.0.25420.1
MinimumVisualStudioVersion = 10.0.40219.1
Project("{FAE04EC0-301F-11D3-BF4B-00C04F79EFBC}") = "gitWeb", "gitWeb\gitWeb.csproj", "{895E3513-C252-4BCF-A4B7-8C1EE06FF6A0}"
EndProject
Project("{FAE04EC0-301F-11D3-BF4B-00C04F79EFBC}") = "gitWeb.Tests", "gitWeb.Tests\gitWeb.Tests.csproj", "{B557DF01-BC31-41AE-AC0F-DA1BFC8AE815}"
EndProject
Project("{FAE04EC0-301F-11D3-BF4B-00C04F79EFBC}") = "gitWeb.IntegrationTests", "gitWeb.IntegrationTests\gitWeb.IntegrationTests.csproj", "{8131C537-FE57-4776-AA43-6ED7BE93D6A0}"
EndProject
Global
	GlobalSection(SolutionConfigurationPlatforms) = preSolution
		Debug|Any CPU = Debug|Any CPU
		Release|Any CPU = Release|Any CPU
	EndGlobalSection
	GlobalSection(ProjectConfigurationPlatforms) = postSolution
		{895E3513-C252-4BCF-A4B7-8C1EE06FF6A0}.Debug|Any CPU.ActiveCfg = Debug|Any CPU
		{895E3513-C252-4BCF-A4B7-8C1EE06FF6A0}.Debug|Any CPU.Build.0 = Debug|Any CPU
		{895E3513-C252-4BCF-A4B7-8C1EE06FF6A0}.Release|Any CPU.ActiveCfg = Release|Any CPU
		{895E3513-C252-4BCF-A4B7-8C1EE06FF6A0}.Release|Any CPU.Build.0 = Release|Any CPU
		{B557DF01-BC31-41AE-AC0F-DA1BFC8AE815}.Debug|Any CPU.ActiveCfg = Debug|Any CPU
		{B557DF01-BC31-41AE-AC0F-DA1BFC8AE815}.Debug|Any CPU.Build.0 = Debug|Any CPU
		{B557DF01-BC31-41AE-AC0F-DA1BFC8AE815}.Release|Any CPU.ActiveCfg = Release|Any CPU
		{B557DF01-BC31-41AE-AC0F-DA1BFC8AE815}.Release|Any CPU.Build.0 = Release|Any CPU
		{8131C537-FE57-4776-AA43-6ED7BE93D6A0}.Debug|Any CPU.ActiveCfg = Debug|Any CPU
		{8131C537-FE57-4776-AA43-6ED7BE93D6A0}.Debug|Any CPU.Build.0 = Debug|Any CPU
		{8131C537-FE57-4776-AA43-6ED7BE93D6A0}.Release|Any CPU.ActiveCfg = Release|Any CPU
		{8131C537-FE57-4776-AA43-6ED7BE93D6A0}.Release|Any CPU.Build.0 = Release|Any CPU
	EndGlobalSection
	GlobalSection(SolutionProperties) = preSolution
		HideSolutionNode = FALSE
	EndGlobalSection
EndGlobal
